// !$*UTF8*$!
{
	archiveVersion = 1;
	classes = {
	};
	objectVersion = 46;
	objects = {

/* Begin PBXBuildFile section */
		1BB6B37D2EBE7E317536726D /* Pods_WorkoutCompanion.framework in Frameworks */ = {isa = PBXBuildFile; fileRef = 1589546EA0AC85D7462BB404 /* Pods_WorkoutCompanion.framework */; };
		71CC7052243827E401335122 /* Pods_WorkoutCompanionTests.framework in Frameworks */ = {isa = PBXBuildFile; fileRef = 19421D90B953C826199A22AF /* Pods_WorkoutCompanionTests.framework */; };
		B5120C281D0B0E9F00B216A7 /* DataModules.swift in Sources */ = {isa = PBXBuildFile; fileRef = B5120C271D0B0E9F00B216A7 /* DataModules.swift */; };
		B52C79BE1D0F0C32002FF7AC /* ExerciseDetailTableViewController.swift in Sources */ = {isa = PBXBuildFile; fileRef = B52C79BD1D0F0C32002FF7AC /* ExerciseDetailTableViewController.swift */; };
		B53BECF21CFFD97F00944663 /* CoreDataModel.xcdatamodeld in Sources */ = {isa = PBXBuildFile; fileRef = B53BECF01CFFD97F00944663 /* CoreDataModel.xcdatamodeld */; };
		B53BED721D012C7100944663 /* Constants.swift in Sources */ = {isa = PBXBuildFile; fileRef = B53BED711D012C7100944663 /* Constants.swift */; };
		B547880A1D6D44F000ACA7A3 /* splashIcon.png in Resources */ = {isa = PBXBuildFile; fileRef = B54788091D6D44F000ACA7A3 /* splashIcon.png */; };
		B56430BB1D67801500366C7E /* UIManager.swift in Sources */ = {isa = PBXBuildFile; fileRef = B56430BA1D67801500366C7E /* UIManager.swift */; };
		B59A89FE1D65FF5600A6AC28 /* CardView.swift in Sources */ = {isa = PBXBuildFile; fileRef = B59A89FD1D65FF5600A6AC28 /* CardView.swift */; };
		B59CB00B1CFD2F3200D2E1E0 /* AppDelegate.swift in Sources */ = {isa = PBXBuildFile; fileRef = B59CB00A1CFD2F3200D2E1E0 /* AppDelegate.swift */; };
		B59CB00D1CFD2F3200D2E1E0 /* ExerciseListTableVIewController.swift in Sources */ = {isa = PBXBuildFile; fileRef = B59CB00C1CFD2F3200D2E1E0 /* ExerciseListTableVIewController.swift */; };
		B59CB0121CFD2F3200D2E1E0 /* Main.storyboard in Resources */ = {isa = PBXBuildFile; fileRef = B59CB0101CFD2F3200D2E1E0 /* Main.storyboard */; };
		B59CB0141CFD2F3200D2E1E0 /* Assets.xcassets in Resources */ = {isa = PBXBuildFile; fileRef = B59CB0131CFD2F3200D2E1E0 /* Assets.xcassets */; };
		B59CB0171CFD2F3200D2E1E0 /* LaunchScreen.storyboard in Resources */ = {isa = PBXBuildFile; fileRef = B59CB0151CFD2F3200D2E1E0 /* LaunchScreen.storyboard */; };
		B59CB0221CFD2F3200D2E1E0 /* WorkoutCompanionTests.swift in Sources */ = {isa = PBXBuildFile; fileRef = B59CB0211CFD2F3200D2E1E0 /* WorkoutCompanionTests.swift */; };
		B59CB02D1CFD2F3200D2E1E0 /* WorkoutCompanionUITests.swift in Sources */ = {isa = PBXBuildFile; fileRef = B59CB02C1CFD2F3200D2E1E0 /* WorkoutCompanionUITests.swift */; };
		B59CB03D1CFD327800D2E1E0 /* TableViewController.swift in Sources */ = {isa = PBXBuildFile; fileRef = B59CB03C1CFD327800D2E1E0 /* TableViewController.swift */; };
		B5A9495D1D4BE6370093B301 /* Swizzling.swift in Sources */ = {isa = PBXBuildFile; fileRef = B5A9495C1D4BE6370093B301 /* Swizzling.swift */; };
		B5CBE92D1D484B970056FACC /* CardTableViewCell.swift in Sources */ = {isa = PBXBuildFile; fileRef = B5CBE92C1D484B970056FACC /* CardTableViewCell.swift */; };
		FAE90208113104269BA330C6 /* Pods_WorkoutCompanionUITests.framework in Frameworks */ = {isa = PBXBuildFile; fileRef = 4599B230B2D05E6765DD5C95 /* Pods_WorkoutCompanionUITests.framework */; };
/* End PBXBuildFile section */

/* Begin PBXContainerItemProxy section */
		B59CB01E1CFD2F3200D2E1E0 /* PBXContainerItemProxy */ = {
			isa = PBXContainerItemProxy;
			containerPortal = B59CAFFF1CFD2F3200D2E1E0 /* Project object */;
			proxyType = 1;
			remoteGlobalIDString = B59CB0061CFD2F3200D2E1E0;
			remoteInfo = WorkoutCompanion;
		};
		B59CB0291CFD2F3200D2E1E0 /* PBXContainerItemProxy */ = {
			isa = PBXContainerItemProxy;
			containerPortal = B59CAFFF1CFD2F3200D2E1E0 /* Project object */;
			proxyType = 1;
			remoteGlobalIDString = B59CB0061CFD2F3200D2E1E0;
			remoteInfo = WorkoutCompanion;
		};
/* End PBXContainerItemProxy section */

/* Begin PBXFileReference section */
		009CCC7BB3D408C2D7086586 /* Pods-WorkoutCompanionUITests.release.xcconfig */ = {isa = PBXFileReference; includeInIndex = 1; lastKnownFileType = text.xcconfig; name = "Pods-WorkoutCompanionUITests.release.xcconfig"; path = "Pods/Target Support Files/Pods-WorkoutCompanionUITests/Pods-WorkoutCompanionUITests.release.xcconfig"; sourceTree = "<group>"; };
		1589546EA0AC85D7462BB404 /* Pods_WorkoutCompanion.framework */ = {isa = PBXFileReference; explicitFileType = wrapper.framework; includeInIndex = 0; path = Pods_WorkoutCompanion.framework; sourceTree = BUILT_PRODUCTS_DIR; };
		19421D90B953C826199A22AF /* Pods_WorkoutCompanionTests.framework */ = {isa = PBXFileReference; explicitFileType = wrapper.framework; includeInIndex = 0; path = Pods_WorkoutCompanionTests.framework; sourceTree = BUILT_PRODUCTS_DIR; };
		4599B230B2D05E6765DD5C95 /* Pods_WorkoutCompanionUITests.framework */ = {isa = PBXFileReference; explicitFileType = wrapper.framework; includeInIndex = 0; path = Pods_WorkoutCompanionUITests.framework; sourceTree = BUILT_PRODUCTS_DIR; };
		56006F990C7CDD8BF9C553F3 /* Pods-WorkoutCompanion.debug.xcconfig */ = {isa = PBXFileReference; includeInIndex = 1; lastKnownFileType = text.xcconfig; name = "Pods-WorkoutCompanion.debug.xcconfig"; path = "Pods/Target Support Files/Pods-WorkoutCompanion/Pods-WorkoutCompanion.debug.xcconfig"; sourceTree = "<group>"; };
		61C7411861D975CDF958A521 /* Pods-WorkoutCompanionTests.debug.xcconfig */ = {isa = PBXFileReference; includeInIndex = 1; lastKnownFileType = text.xcconfig; name = "Pods-WorkoutCompanionTests.debug.xcconfig"; path = "Pods/Target Support Files/Pods-WorkoutCompanionTests/Pods-WorkoutCompanionTests.debug.xcconfig"; sourceTree = "<group>"; };
		B5120C271D0B0E9F00B216A7 /* DataModules.swift */ = {isa = PBXFileReference; fileEncoding = 4; lastKnownFileType = sourcecode.swift; path = DataModules.swift; sourceTree = "<group>"; };
		B52C79BD1D0F0C32002FF7AC /* ExerciseDetailTableViewController.swift */ = {isa = PBXFileReference; fileEncoding = 4; lastKnownFileType = sourcecode.swift; path = ExerciseDetailTableViewController.swift; sourceTree = "<group>"; };
		B53BECF11CFFD97F00944663 /* CoreDataModel.xcdatamodel */ = {isa = PBXFileReference; lastKnownFileType = wrapper.xcdatamodel; path = CoreDataModel.xcdatamodel; sourceTree = "<group>"; };
		B53BED711D012C7100944663 /* Constants.swift */ = {isa = PBXFileReference; fileEncoding = 4; lastKnownFileType = sourcecode.swift; path = Constants.swift; sourceTree = "<group>"; };
		B54788091D6D44F000ACA7A3 /* splashIcon.png */ = {isa = PBXFileReference; lastKnownFileType = image.png; name = splashIcon.png; path = WorkoutCompanion/Images/splashIcon.png; sourceTree = "<group>"; };
		B56430BA1D67801500366C7E /* UIManager.swift */ = {isa = PBXFileReference; fileEncoding = 4; lastKnownFileType = sourcecode.swift; name = UIManager.swift; path = Manager/UIManager.swift; sourceTree = "<group>"; };
		B59A89FD1D65FF5600A6AC28 /* CardView.swift */ = {isa = PBXFileReference; fileEncoding = 4; lastKnownFileType = sourcecode.swift; path = CardView.swift; sourceTree = "<group>"; };
		B59CB0071CFD2F3200D2E1E0 /* WorkoutCompanion.app */ = {isa = PBXFileReference; explicitFileType = wrapper.application; includeInIndex = 0; path = WorkoutCompanion.app; sourceTree = BUILT_PRODUCTS_DIR; };
		B59CB00A1CFD2F3200D2E1E0 /* AppDelegate.swift */ = {isa = PBXFileReference; lastKnownFileType = sourcecode.swift; path = AppDelegate.swift; sourceTree = "<group>"; };
		B59CB00C1CFD2F3200D2E1E0 /* ExerciseListTableVIewController.swift */ = {isa = PBXFileReference; lastKnownFileType = sourcecode.swift; path = ExerciseListTableVIewController.swift; sourceTree = "<group>"; };
		B59CB0111CFD2F3200D2E1E0 /* Base */ = {isa = PBXFileReference; lastKnownFileType = file.storyboard; name = Base; path = Base.lproj/Main.storyboard; sourceTree = "<group>"; };
		B59CB0131CFD2F3200D2E1E0 /* Assets.xcassets */ = {isa = PBXFileReference; lastKnownFileType = folder.assetcatalog; path = Assets.xcassets; sourceTree = "<group>"; };
		B59CB0161CFD2F3200D2E1E0 /* Base */ = {isa = PBXFileReference; lastKnownFileType = file.storyboard; name = Base; path = Base.lproj/LaunchScreen.storyboard; sourceTree = "<group>"; };
		B59CB0181CFD2F3200D2E1E0 /* Info.plist */ = {isa = PBXFileReference; lastKnownFileType = text.plist.xml; path = Info.plist; sourceTree = "<group>"; };
		B59CB01D1CFD2F3200D2E1E0 /* WorkoutCompanionTests.xctest */ = {isa = PBXFileReference; explicitFileType = wrapper.cfbundle; includeInIndex = 0; path = WorkoutCompanionTests.xctest; sourceTree = BUILT_PRODUCTS_DIR; };
		B59CB0211CFD2F3200D2E1E0 /* WorkoutCompanionTests.swift */ = {isa = PBXFileReference; lastKnownFileType = sourcecode.swift; path = WorkoutCompanionTests.swift; sourceTree = "<group>"; };
		B59CB0231CFD2F3200D2E1E0 /* Info.plist */ = {isa = PBXFileReference; lastKnownFileType = text.plist.xml; path = Info.plist; sourceTree = "<group>"; };
		B59CB0281CFD2F3200D2E1E0 /* WorkoutCompanionUITests.xctest */ = {isa = PBXFileReference; explicitFileType = wrapper.cfbundle; includeInIndex = 0; path = WorkoutCompanionUITests.xctest; sourceTree = BUILT_PRODUCTS_DIR; };
		B59CB02C1CFD2F3200D2E1E0 /* WorkoutCompanionUITests.swift */ = {isa = PBXFileReference; lastKnownFileType = sourcecode.swift; path = WorkoutCompanionUITests.swift; sourceTree = "<group>"; };
		B59CB02E1CFD2F3200D2E1E0 /* Info.plist */ = {isa = PBXFileReference; lastKnownFileType = text.plist.xml; path = Info.plist; sourceTree = "<group>"; };
		B59CB03C1CFD327800D2E1E0 /* TableViewController.swift */ = {isa = PBXFileReference; fileEncoding = 4; lastKnownFileType = sourcecode.swift; path = TableViewController.swift; sourceTree = "<group>"; };
		B5A9495C1D4BE6370093B301 /* Swizzling.swift */ = {isa = PBXFileReference; fileEncoding = 4; lastKnownFileType = sourcecode.swift; path = Swizzling.swift; sourceTree = "<group>"; };
		B5CBE92C1D484B970056FACC /* CardTableViewCell.swift */ = {isa = PBXFileReference; fileEncoding = 4; lastKnownFileType = sourcecode.swift; path = CardTableViewCell.swift; sourceTree = "<group>"; };
		B8655585818F0733175C353D /* Pods-WorkoutCompanion.release.xcconfig */ = {isa = PBXFileReference; includeInIndex = 1; lastKnownFileType = text.xcconfig; name = "Pods-WorkoutCompanion.release.xcconfig"; path = "Pods/Target Support Files/Pods-WorkoutCompanion/Pods-WorkoutCompanion.release.xcconfig"; sourceTree = "<group>"; };
		D3111F5E3B8FF64ABB6B1122 /* Pods-WorkoutCompanionTests.release.xcconfig */ = {isa = PBXFileReference; includeInIndex = 1; lastKnownFileType = text.xcconfig; name = "Pods-WorkoutCompanionTests.release.xcconfig"; path = "Pods/Target Support Files/Pods-WorkoutCompanionTests/Pods-WorkoutCompanionTests.release.xcconfig"; sourceTree = "<group>"; };
		E9B2B64A49A0854F642EBD29 /* Pods-WorkoutCompanionUITests.debug.xcconfig */ = {isa = PBXFileReference; includeInIndex = 1; lastKnownFileType = text.xcconfig; name = "Pods-WorkoutCompanionUITests.debug.xcconfig"; path = "Pods/Target Support Files/Pods-WorkoutCompanionUITests/Pods-WorkoutCompanionUITests.debug.xcconfig"; sourceTree = "<group>"; };
/* End PBXFileReference section */

/* Begin PBXFrameworksBuildPhase section */
		B59CB0041CFD2F3200D2E1E0 /* Frameworks */ = {
			isa = PBXFrameworksBuildPhase;
			buildActionMask = 2147483647;
			files = (
				1BB6B37D2EBE7E317536726D /* Pods_WorkoutCompanion.framework in Frameworks */,
			);
			runOnlyForDeploymentPostprocessing = 0;
		};
		B59CB01A1CFD2F3200D2E1E0 /* Frameworks */ = {
			isa = PBXFrameworksBuildPhase;
			buildActionMask = 2147483647;
			files = (
				71CC7052243827E401335122 /* Pods_WorkoutCompanionTests.framework in Frameworks */,
			);
			runOnlyForDeploymentPostprocessing = 0;
		};
		B59CB0251CFD2F3200D2E1E0 /* Frameworks */ = {
			isa = PBXFrameworksBuildPhase;
			buildActionMask = 2147483647;
			files = (
				FAE90208113104269BA330C6 /* Pods_WorkoutCompanionUITests.framework in Frameworks */,
			);
			runOnlyForDeploymentPostprocessing = 0;
		};
/* End PBXFrameworksBuildPhase section */

/* Begin PBXGroup section */
		436B2EF67BF633EA2FF6309B /* Frameworks */ = {
			isa = PBXGroup;
			children = (
				1589546EA0AC85D7462BB404 /* Pods_WorkoutCompanion.framework */,
				19421D90B953C826199A22AF /* Pods_WorkoutCompanionTests.framework */,
				4599B230B2D05E6765DD5C95 /* Pods_WorkoutCompanionUITests.framework */,
			);
			name = Frameworks;
			sourceTree = "<group>";
		};
		B54788061D6D424A00ACA7A3 /* Images */ = {
			isa = PBXGroup;
			children = (
				B54788091D6D44F000ACA7A3 /* splashIcon.png */,
			);
			name = Images;
			sourceTree = "<group>";
		};
		B59CAFFE1CFD2F3200D2E1E0 = {
			isa = PBXGroup;
			children = (
				B54788061D6D424A00ACA7A3 /* Images */,
				B59CB0091CFD2F3200D2E1E0 /* WorkoutCompanion */,
				B59CB0201CFD2F3200D2E1E0 /* WorkoutCompanionTests */,
				B59CB02B1CFD2F3200D2E1E0 /* WorkoutCompanionUITests */,
				B59CB0081CFD2F3200D2E1E0 /* Products */,
				DCB8BA2E32CD07F379CDA7BE /* Pods */,
				436B2EF67BF633EA2FF6309B /* Frameworks */,
			);
			sourceTree = "<group>";
		};
		B59CB0081CFD2F3200D2E1E0 /* Products */ = {
			isa = PBXGroup;
			children = (
				B59CB0071CFD2F3200D2E1E0 /* WorkoutCompanion.app */,
				B59CB01D1CFD2F3200D2E1E0 /* WorkoutCompanionTests.xctest */,
				B59CB0281CFD2F3200D2E1E0 /* WorkoutCompanionUITests.xctest */,
			);
			name = Products;
			sourceTree = "<group>";
		};
		B59CB0091CFD2F3200D2E1E0 /* WorkoutCompanion */ = {
			isa = PBXGroup;
			children = (
				B5CBE92B1D484B6D0056FACC /* Views */,
				B59CB00A1CFD2F3200D2E1E0 /* AppDelegate.swift */,
				B59CB00C1CFD2F3200D2E1E0 /* ExerciseListTableVIewController.swift */,
				B52C79BD1D0F0C32002FF7AC /* ExerciseDetailTableViewController.swift */,
				B59CB0101CFD2F3200D2E1E0 /* Main.storyboard */,
				B59CB0131CFD2F3200D2E1E0 /* Assets.xcassets */,
				B59CB0151CFD2F3200D2E1E0 /* LaunchScreen.storyboard */,
				B59CB0181CFD2F3200D2E1E0 /* Info.plist */,
				B59CB03C1CFD327800D2E1E0 /* TableViewController.swift */,
				B53BECF01CFFD97F00944663 /* CoreDataModel.xcdatamodeld */,
				B53BED711D012C7100944663 /* Constants.swift */,
				B5120C271D0B0E9F00B216A7 /* DataModules.swift */,
				B5A9495C1D4BE6370093B301 /* Swizzling.swift */,
				B56430BA1D67801500366C7E /* UIManager.swift */,
			);
			path = WorkoutCompanion;
			sourceTree = "<group>";
		};
		B59CB0201CFD2F3200D2E1E0 /* WorkoutCompanionTests */ = {
			isa = PBXGroup;
			children = (
				B59CB0211CFD2F3200D2E1E0 /* WorkoutCompanionTests.swift */,
				B59CB0231CFD2F3200D2E1E0 /* Info.plist */,
			);
			path = WorkoutCompanionTests;
			sourceTree = "<group>";
		};
		B59CB02B1CFD2F3200D2E1E0 /* WorkoutCompanionUITests */ = {
			isa = PBXGroup;
			children = (
				B59CB02C1CFD2F3200D2E1E0 /* WorkoutCompanionUITests.swift */,
				B59CB02E1CFD2F3200D2E1E0 /* Info.plist */,
			);
			path = WorkoutCompanionUITests;
			sourceTree = "<group>";
		};
		B5CBE92B1D484B6D0056FACC /* Views */ = {
			isa = PBXGroup;
			children = (
				B5CBE92C1D484B970056FACC /* CardTableViewCell.swift */,
				B59A89FD1D65FF5600A6AC28 /* CardView.swift */,
			);
			name = Views;
			sourceTree = "<group>";
		};
		DCB8BA2E32CD07F379CDA7BE /* Pods */ = {
			isa = PBXGroup;
			children = (
				56006F990C7CDD8BF9C553F3 /* Pods-WorkoutCompanion.debug.xcconfig */,
				B8655585818F0733175C353D /* Pods-WorkoutCompanion.release.xcconfig */,
				61C7411861D975CDF958A521 /* Pods-WorkoutCompanionTests.debug.xcconfig */,
				D3111F5E3B8FF64ABB6B1122 /* Pods-WorkoutCompanionTests.release.xcconfig */,
				E9B2B64A49A0854F642EBD29 /* Pods-WorkoutCompanionUITests.debug.xcconfig */,
				009CCC7BB3D408C2D7086586 /* Pods-WorkoutCompanionUITests.release.xcconfig */,
			);
			name = Pods;
			sourceTree = "<group>";
		};
/* End PBXGroup section */

/* Begin PBXNativeTarget section */
		B59CB0061CFD2F3200D2E1E0 /* WorkoutCompanion */ = {
			isa = PBXNativeTarget;
			buildConfigurationList = B59CB0311CFD2F3200D2E1E0 /* Build configuration list for PBXNativeTarget "WorkoutCompanion" */;
			buildPhases = (
				80DF404FAA0364CDEE2EA3BE /* [CP] Check Pods Manifest.lock */,
				B59CB0031CFD2F3200D2E1E0 /* Sources */,
				B59CB0041CFD2F3200D2E1E0 /* Frameworks */,
				B59CB0051CFD2F3200D2E1E0 /* Resources */,
				60339C7EFC8E992DA83DBA61 /* [CP] Embed Pods Frameworks */,
				D6CA9B114E6F550A757981FB /* [CP] Copy Pods Resources */,
			);
			buildRules = (
			);
			dependencies = (
			);
			name = WorkoutCompanion;
			productName = WorkoutCompanion;
			productReference = B59CB0071CFD2F3200D2E1E0 /* WorkoutCompanion.app */;
			productType = "com.apple.product-type.application";
		};
		B59CB01C1CFD2F3200D2E1E0 /* WorkoutCompanionTests */ = {
			isa = PBXNativeTarget;
			buildConfigurationList = B59CB0341CFD2F3200D2E1E0 /* Build configuration list for PBXNativeTarget "WorkoutCompanionTests" */;
			buildPhases = (
				B75A0703FA4464056E555031 /* [CP] Check Pods Manifest.lock */,
				B59CB0191CFD2F3200D2E1E0 /* Sources */,
				B59CB01A1CFD2F3200D2E1E0 /* Frameworks */,
				B59CB01B1CFD2F3200D2E1E0 /* Resources */,
				4DA66B20338334847089B163 /* [CP] Embed Pods Frameworks */,
				CDB558A64D9939D8C31D0904 /* [CP] Copy Pods Resources */,
			);
			buildRules = (
			);
			dependencies = (
				B59CB01F1CFD2F3200D2E1E0 /* PBXTargetDependency */,
			);
			name = WorkoutCompanionTests;
			productName = WorkoutCompanionTests;
			productReference = B59CB01D1CFD2F3200D2E1E0 /* WorkoutCompanionTests.xctest */;
			productType = "com.apple.product-type.bundle.unit-test";
		};
		B59CB0271CFD2F3200D2E1E0 /* WorkoutCompanionUITests */ = {
			isa = PBXNativeTarget;
			buildConfigurationList = B59CB0371CFD2F3200D2E1E0 /* Build configuration list for PBXNativeTarget "WorkoutCompanionUITests" */;
			buildPhases = (
				E965F51CE71B73792CFA36F9 /* [CP] Check Pods Manifest.lock */,
				B59CB0241CFD2F3200D2E1E0 /* Sources */,
				B59CB0251CFD2F3200D2E1E0 /* Frameworks */,
				B59CB0261CFD2F3200D2E1E0 /* Resources */,
				3E3353517226193CAAA6B52A /* [CP] Copy Pods Resources */,
			);
			buildRules = (
			);
			dependencies = (
				B59CB02A1CFD2F3200D2E1E0 /* PBXTargetDependency */,
			);
			name = WorkoutCompanionUITests;
			productName = WorkoutCompanionUITests;
			productReference = B59CB0281CFD2F3200D2E1E0 /* WorkoutCompanionUITests.xctest */;
			productType = "com.apple.product-type.bundle.ui-testing";
		};
/* End PBXNativeTarget section */

/* Begin PBXProject section */
		B59CAFFF1CFD2F3200D2E1E0 /* Project object */ = {
			isa = PBXProject;
			attributes = {
				LastSwiftUpdateCheck = 0720;
				LastUpgradeCheck = 0720;
				ORGANIZATIONNAME = WEI.XIE;
				TargetAttributes = {
					B59CB0061CFD2F3200D2E1E0 = {
						CreatedOnToolsVersion = 7.2.1;
					};
					B59CB01C1CFD2F3200D2E1E0 = {
						CreatedOnToolsVersion = 7.2.1;
						TestTargetID = B59CB0061CFD2F3200D2E1E0;
					};
					B59CB0271CFD2F3200D2E1E0 = {
						CreatedOnToolsVersion = 7.2.1;
						TestTargetID = B59CB0061CFD2F3200D2E1E0;
					};
				};
			};
			buildConfigurationList = B59CB0021CFD2F3200D2E1E0 /* Build configuration list for PBXProject "WorkoutCompanion" */;
			compatibilityVersion = "Xcode 3.2";
			developmentRegion = English;
			hasScannedForEncodings = 0;
			knownRegions = (
				en,
				Base,
			);
			mainGroup = B59CAFFE1CFD2F3200D2E1E0;
			productRefGroup = B59CB0081CFD2F3200D2E1E0 /* Products */;
			projectDirPath = "";
			projectRoot = "";
			targets = (
				B59CB0061CFD2F3200D2E1E0 /* WorkoutCompanion */,
				B59CB01C1CFD2F3200D2E1E0 /* WorkoutCompanionTests */,
				B59CB0271CFD2F3200D2E1E0 /* WorkoutCompanionUITests */,
			);
		};
/* End PBXProject section */

/* Begin PBXResourcesBuildPhase section */
		B59CB0051CFD2F3200D2E1E0 /* Resources */ = {
			isa = PBXResourcesBuildPhase;
			buildActionMask = 2147483647;
			files = (
				B59CB0171CFD2F3200D2E1E0 /* LaunchScreen.storyboard in Resources */,
				B59CB0141CFD2F3200D2E1E0 /* Assets.xcassets in Resources */,
				B59CB0121CFD2F3200D2E1E0 /* Main.storyboard in Resources */,
				B547880A1D6D44F000ACA7A3 /* splashIcon.png in Resources */,
			);
			runOnlyForDeploymentPostprocessing = 0;
		};
		B59CB01B1CFD2F3200D2E1E0 /* Resources */ = {
			isa = PBXResourcesBuildPhase;
			buildActionMask = 2147483647;
			files = (
			);
			runOnlyForDeploymentPostprocessing = 0;
		};
		B59CB0261CFD2F3200D2E1E0 /* Resources */ = {
			isa = PBXResourcesBuildPhase;
			buildActionMask = 2147483647;
			files = (
			);
			runOnlyForDeploymentPostprocessing = 0;
		};
/* End PBXResourcesBuildPhase section */

/* Begin PBXShellScriptBuildPhase section */
		3E3353517226193CAAA6B52A /* [CP] Copy Pods Resources */ = {
			isa = PBXShellScriptBuildPhase;
			buildActionMask = 2147483647;
			files = (
			);
			inputPaths = (
			);
			name = "[CP] Copy Pods Resources";
			outputPaths = (
			);
			runOnlyForDeploymentPostprocessing = 0;
			shellPath = /bin/sh;
			shellScript = "\"${SRCROOT}/Pods/Target Support Files/Pods-WorkoutCompanionUITests/Pods-WorkoutCompanionUITests-resources.sh\"\n";
			showEnvVarsInLog = 0;
		};
		4DA66B20338334847089B163 /* [CP] Embed Pods Frameworks */ = {
			isa = PBXShellScriptBuildPhase;
			buildActionMask = 2147483647;
			files = (
			);
			inputPaths = (
			);
			name = "[CP] Embed Pods Frameworks";
			outputPaths = (
			);
			runOnlyForDeploymentPostprocessing = 0;
			shellPath = /bin/sh;
			shellScript = "\"${SRCROOT}/Pods/Target Support Files/Pods-WorkoutCompanionTests/Pods-WorkoutCompanionTests-frameworks.sh\"\n";
			showEnvVarsInLog = 0;
		};
		60339C7EFC8E992DA83DBA61 /* [CP] Embed Pods Frameworks */ = {
			isa = PBXShellScriptBuildPhase;
			buildActionMask = 2147483647;
			files = (
			);
			inputPaths = (
			);
			name = "[CP] Embed Pods Frameworks";
			outputPaths = (
			);
			runOnlyForDeploymentPostprocessing = 0;
			shellPath = /bin/sh;
			shellScript = "\"${SRCROOT}/Pods/Target Support Files/Pods-WorkoutCompanion/Pods-WorkoutCompanion-frameworks.sh\"\n";
			showEnvVarsInLog = 0;
		};
		80DF404FAA0364CDEE2EA3BE /* [CP] Check Pods Manifest.lock */ = {
			isa = PBXShellScriptBuildPhase;
			buildActionMask = 2147483647;
			files = (
			);
			inputPaths = (
			);
			name = "[CP] Check Pods Manifest.lock";
			outputPaths = (
			);
			runOnlyForDeploymentPostprocessing = 0;
			shellPath = /bin/sh;
			shellScript = "diff \"${PODS_ROOT}/../Podfile.lock\" \"${PODS_ROOT}/Manifest.lock\" > /dev/null\nif [[ $? != 0 ]] ; then\n    cat << EOM\nerror: The sandbox is not in sync with the Podfile.lock. Run 'pod install' or update your CocoaPods installation.\nEOM\n    exit 1\nfi\n";
			showEnvVarsInLog = 0;
		};
		B75A0703FA4464056E555031 /* [CP] Check Pods Manifest.lock */ = {
			isa = PBXShellScriptBuildPhase;
			buildActionMask = 2147483647;
			files = (
			);
			inputPaths = (
			);
			name = "[CP] Check Pods Manifest.lock";
			outputPaths = (
			);
			runOnlyForDeploymentPostprocessing = 0;
			shellPath = /bin/sh;
			shellScript = "diff \"${PODS_ROOT}/../Podfile.lock\" \"${PODS_ROOT}/Manifest.lock\" > /dev/null\nif [[ $? != 0 ]] ; then\n    cat << EOM\nerror: The sandbox is not in sync with the Podfile.lock. Run 'pod install' or update your CocoaPods installation.\nEOM\n    exit 1\nfi\n";
			showEnvVarsInLog = 0;
		};
		CDB558A64D9939D8C31D0904 /* [CP] Copy Pods Resources */ = {
			isa = PBXShellScriptBuildPhase;
			buildActionMask = 2147483647;
			files = (
			);
			inputPaths = (
			);
			name = "[CP] Copy Pods Resources";
			outputPaths = (
			);
			runOnlyForDeploymentPostprocessing = 0;
			shellPath = /bin/sh;
			shellScript = "\"${SRCROOT}/Pods/Target Support Files/Pods-WorkoutCompanionTests/Pods-WorkoutCompanionTests-resources.sh\"\n";
			showEnvVarsInLog = 0;
		};
		D6CA9B114E6F550A757981FB /* [CP] Copy Pods Resources */ = {
			isa = PBXShellScriptBuildPhase;
			buildActionMask = 2147483647;
			files = (
			);
			inputPaths = (
			);
			name = "[CP] Copy Pods Resources";
			outputPaths = (
			);
			runOnlyForDeploymentPostprocessing = 0;
			shellPath = /bin/sh;
			shellScript = "\"${SRCROOT}/Pods/Target Support Files/Pods-WorkoutCompanion/Pods-WorkoutCompanion-resources.sh\"\n";
			showEnvVarsInLog = 0;
		};
		E965F51CE71B73792CFA36F9 /* [CP] Check Pods Manifest.lock */ = {
			isa = PBXShellScriptBuildPhase;
			buildActionMask = 2147483647;
			files = (
			);
			inputPaths = (
			);
			name = "[CP] Check Pods Manifest.lock";
			outputPaths = (
			);
			runOnlyForDeploymentPostprocessing = 0;
			shellPath = /bin/sh;
			shellScript = "diff \"${PODS_ROOT}/../Podfile.lock\" \"${PODS_ROOT}/Manifest.lock\" > /dev/null\nif [[ $? != 0 ]] ; then\n    cat << EOM\nerror: The sandbox is not in sync with the Podfile.lock. Run 'pod install' or update your CocoaPods installation.\nEOM\n    exit 1\nfi\n";
			showEnvVarsInLog = 0;
		};
/* End PBXShellScriptBuildPhase section */

/* Begin PBXSourcesBuildPhase section */
		B59CB0031CFD2F3200D2E1E0 /* Sources */ = {
			isa = PBXSourcesBuildPhase;
			buildActionMask = 2147483647;
			files = (
				B53BECF21CFFD97F00944663 /* CoreDataModel.xcdatamodeld in Sources */,
				B59CB00B1CFD2F3200D2E1E0 /* AppDelegate.swift in Sources */,
				B56430BB1D67801500366C7E /* UIManager.swift in Sources */,
				B5120C281D0B0E9F00B216A7 /* DataModules.swift in Sources */,
				B5CBE92D1D484B970056FACC /* CardTableViewCell.swift in Sources */,
				B59CB00D1CFD2F3200D2E1E0 /* ExerciseListTableVIewController.swift in Sources */,
				B5A9495D1D4BE6370093B301 /* Swizzling.swift in Sources */,
				B52C79BE1D0F0C32002FF7AC /* ExerciseDetailTableViewController.swift in Sources */,
				B59CB03D1CFD327800D2E1E0 /* TableViewController.swift in Sources */,
				B59A89FE1D65FF5600A6AC28 /* CardView.swift in Sources */,
				B53BED721D012C7100944663 /* Constants.swift in Sources */,
			);
			runOnlyForDeploymentPostprocessing = 0;
		};
		B59CB0191CFD2F3200D2E1E0 /* Sources */ = {
			isa = PBXSourcesBuildPhase;
			buildActionMask = 2147483647;
			files = (
				B59CB0221CFD2F3200D2E1E0 /* WorkoutCompanionTests.swift in Sources */,
			);
			runOnlyForDeploymentPostprocessing = 0;
		};
		B59CB0241CFD2F3200D2E1E0 /* Sources */ = {
			isa = PBXSourcesBuildPhase;
			buildActionMask = 2147483647;
			files = (
				B59CB02D1CFD2F3200D2E1E0 /* WorkoutCompanionUITests.swift in Sources */,
			);
			runOnlyForDeploymentPostprocessing = 0;
		};
/* End PBXSourcesBuildPhase section */

/* Begin PBXTargetDependency section */
		B59CB01F1CFD2F3200D2E1E0 /* PBXTargetDependency */ = {
			isa = PBXTargetDependency;
			target = B59CB0061CFD2F3200D2E1E0 /* WorkoutCompanion */;
			targetProxy = B59CB01E1CFD2F3200D2E1E0 /* PBXContainerItemProxy */;
		};
		B59CB02A1CFD2F3200D2E1E0 /* PBXTargetDependency */ = {
			isa = PBXTargetDependency;
			target = B59CB0061CFD2F3200D2E1E0 /* WorkoutCompanion */;
			targetProxy = B59CB0291CFD2F3200D2E1E0 /* PBXContainerItemProxy */;
		};
/* End PBXTargetDependency section */

/* Begin PBXVariantGroup section */
		B59CB0101CFD2F3200D2E1E0 /* Main.storyboard */ = {
			isa = PBXVariantGroup;
			children = (
				B59CB0111CFD2F3200D2E1E0 /* Base */,
			);
			name = Main.storyboard;
			sourceTree = "<group>";
		};
		B59CB0151CFD2F3200D2E1E0 /* LaunchScreen.storyboard */ = {
			isa = PBXVariantGroup;
			children = (
				B59CB0161CFD2F3200D2E1E0 /* Base */,
			);
			name = LaunchScreen.storyboard;
			sourceTree = "<group>";
		};
/* End PBXVariantGroup section */

/* Begin XCBuildConfiguration section */
		B59CB02F1CFD2F3200D2E1E0 /* Debug */ = {
			isa = XCBuildConfiguration;
			buildSettings = {
				ALWAYS_SEARCH_USER_PATHS = NO;
				CLANG_CXX_LANGUAGE_STANDARD = "gnu++0x";
				CLANG_CXX_LIBRARY = "libc++";
				CLANG_ENABLE_MODULES = YES;
				CLANG_ENABLE_OBJC_ARC = YES;
				CLANG_WARN_BOOL_CONVERSION = YES;
				CLANG_WARN_CONSTANT_CONVERSION = YES;
				CLANG_WARN_DIRECT_OBJC_ISA_USAGE = YES_ERROR;
				CLANG_WARN_EMPTY_BODY = YES;
				CLANG_WARN_ENUM_CONVERSION = YES;
				CLANG_WARN_INT_CONVERSION = YES;
				CLANG_WARN_OBJC_ROOT_CLASS = YES_ERROR;
				CLANG_WARN_UNREACHABLE_CODE = YES;
				CLANG_WARN__DUPLICATE_METHOD_MATCH = YES;
				"CODE_SIGN_IDENTITY[sdk=iphoneos*]" = "iPhone Developer";
				COPY_PHASE_STRIP = NO;
				DEBUG_INFORMATION_FORMAT = dwarf;
				ENABLE_STRICT_OBJC_MSGSEND = YES;
				ENABLE_TESTABILITY = YES;
				GCC_C_LANGUAGE_STANDARD = gnu99;
				GCC_DYNAMIC_NO_PIC = NO;
				GCC_NO_COMMON_BLOCKS = YES;
				GCC_OPTIMIZATION_LEVEL = 0;
				GCC_PREPROCESSOR_DEFINITIONS = (
					"DEBUG=1",
					"$(inherited)",
				);
				GCC_WARN_64_TO_32_BIT_CONVERSION = YES;
				GCC_WARN_ABOUT_RETURN_TYPE = YES_ERROR;
				GCC_WARN_UNDECLARED_SELECTOR = YES;
				GCC_WARN_UNINITIALIZED_AUTOS = YES_AGGRESSIVE;
				GCC_WARN_UNUSED_FUNCTION = YES;
				GCC_WARN_UNUSED_VARIABLE = YES;
				IPHONEOS_DEPLOYMENT_TARGET = 9.2;
				MTL_ENABLE_DEBUG_INFO = YES;
				ONLY_ACTIVE_ARCH = YES;
				SDKROOT = iphoneos;
				SWIFT_OPTIMIZATION_LEVEL = "-Onone";
				TARGETED_DEVICE_FAMILY = "1,2";
			};
			name = Debug;
		};
		B59CB0301CFD2F3200D2E1E0 /* Release */ = {
			isa = XCBuildConfiguration;
			buildSettings = {
				ALWAYS_SEARCH_USER_PATHS = NO;
				CLANG_CXX_LANGUAGE_STANDARD = "gnu++0x";
				CLANG_CXX_LIBRARY = "libc++";
				CLANG_ENABLE_MODULES = YES;
				CLANG_ENABLE_OBJC_ARC = YES;
				CLANG_WARN_BOOL_CONVERSION = YES;
				CLANG_WARN_CONSTANT_CONVERSION = YES;
				CLANG_WARN_DIRECT_OBJC_ISA_USAGE = YES_ERROR;
				CLANG_WARN_EMPTY_BODY = YES;
				CLANG_WARN_ENUM_CONVERSION = YES;
				CLANG_WARN_INT_CONVERSION = YES;
				CLANG_WARN_OBJC_ROOT_CLASS = YES_ERROR;
				CLANG_WARN_UNREACHABLE_CODE = YES;
				CLANG_WARN__DUPLICATE_METHOD_MATCH = YES;
				"CODE_SIGN_IDENTITY[sdk=iphoneos*]" = "iPhone Developer";
				COPY_PHASE_STRIP = NO;
				DEBUG_INFORMATION_FORMAT = "dwarf-with-dsym";
				ENABLE_NS_ASSERTIONS = NO;
				ENABLE_STRICT_OBJC_MSGSEND = YES;
				GCC_C_LANGUAGE_STANDARD = gnu99;
				GCC_NO_COMMON_BLOCKS = YES;
				GCC_WARN_64_TO_32_BIT_CONVERSION = YES;
				GCC_WARN_ABOUT_RETURN_TYPE = YES_ERROR;
				GCC_WARN_UNDECLARED_SELECTOR = YES;
				GCC_WARN_UNINITIALIZED_AUTOS = YES_AGGRESSIVE;
				GCC_WARN_UNUSED_FUNCTION = YES;
				GCC_WARN_UNUSED_VARIABLE = YES;
				IPHONEOS_DEPLOYMENT_TARGET = 9.2;
				MTL_ENABLE_DEBUG_INFO = NO;
				SDKROOT = iphoneos;
				TARGETED_DEVICE_FAMILY = "1,2";
				VALIDATE_PRODUCT = YES;
			};
			name = Release;
		};
		B59CB0321CFD2F3200D2E1E0 /* Debug */ = {
			isa = XCBuildConfiguration;
			baseConfigurationReference = 56006F990C7CDD8BF9C553F3 /* Pods-WorkoutCompanion.debug.xcconfig */;
			buildSettings = {
				ASSETCATALOG_COMPILER_APPICON_NAME = AppIcon;
				INFOPLIST_FILE = WorkoutCompanion/Info.plist;
				LD_RUNPATH_SEARCH_PATHS = "$(inherited) @executable_path/Frameworks";
				PRODUCT_BUNDLE_IDENTIFIER = com.wx.WorkoutCompanion;
				PRODUCT_NAME = "$(TARGET_NAME)";
			};
			name = Debug;
		};
		B59CB0331CFD2F3200D2E1E0 /* Release */ = {
			isa = XCBuildConfiguration;
			baseConfigurationReference = B8655585818F0733175C353D /* Pods-WorkoutCompanion.release.xcconfig */;
			buildSettings = {
				ASSETCATALOG_COMPILER_APPICON_NAME = AppIcon;
				INFOPLIST_FILE = WorkoutCompanion/Info.plist;
				LD_RUNPATH_SEARCH_PATHS = "$(inherited) @executable_path/Frameworks";
				PRODUCT_BUNDLE_IDENTIFIER = com.wx.WorkoutCompanion;
				PRODUCT_NAME = "$(TARGET_NAME)";
			};
			name = Release;
		};
		B59CB0351CFD2F3200D2E1E0 /* Debug */ = {
			isa = XCBuildConfiguration;
			baseConfigurationReference = 61C7411861D975CDF958A521 /* Pods-WorkoutCompanionTests.debug.xcconfig */;
			buildSettings = {
				BUNDLE_LOADER = "$(TEST_HOST)";
				INFOPLIST_FILE = WorkoutCompanionTests/Info.plist;
				LD_RUNPATH_SEARCH_PATHS = "$(inherited) @executable_path/Frameworks @loader_path/Frameworks";
				PRODUCT_BUNDLE_IDENTIFIER = com.wx.WorkoutCompanionTests;
				PRODUCT_NAME = "$(TARGET_NAME)";
				TEST_HOST = "$(BUILT_PRODUCTS_DIR)/WorkoutCompanion.app/WorkoutCompanion";
			};
			name = Debug;
		};
		B59CB0361CFD2F3200D2E1E0 /* Release */ = {
			isa = XCBuildConfiguration;
			baseConfigurationReference = D3111F5E3B8FF64ABB6B1122 /* Pods-WorkoutCompanionTests.release.xcconfig */;
			buildSettings = {
				BUNDLE_LOADER = "$(TEST_HOST)";
				INFOPLIST_FILE = WorkoutCompanionTests/Info.plist;
				LD_RUNPATH_SEARCH_PATHS = "$(inherited) @executable_path/Frameworks @loader_path/Frameworks";
				PRODUCT_BUNDLE_IDENTIFIER = com.wx.WorkoutCompanionTests;
				PRODUCT_NAME = "$(TARGET_NAME)";
				TEST_HOST = "$(BUILT_PRODUCTS_DIR)/WorkoutCompanion.app/WorkoutCompanion";
			};
			name = Release;
		};
		B59CB0381CFD2F3200D2E1E0 /* Debug */ = {
			isa = XCBuildConfiguration;
			baseConfigurationReference = E9B2B64A49A0854F642EBD29 /* Pods-WorkoutCompanionUITests.debug.xcconfig */;
			buildSettings = {
				INFOPLIST_FILE = WorkoutCompanionUITests/Info.plist;
				LD_RUNPATH_SEARCH_PATHS = "$(inherited) @executable_path/Frameworks @loader_path/Frameworks";
				PRODUCT_BUNDLE_IDENTIFIER = com.wx.WorkoutCompanionUITests;
				PRODUCT_NAME = "$(TARGET_NAME)";
				TEST_TARGET_NAME = WorkoutCompanion;
				USES_XCTRUNNER = YES;
			};
			name = Debug;
		};
		B59CB0391CFD2F3200D2E1E0 /* Release */ = {
			isa = XCBuildConfiguration;
			baseConfigurationReference = 009CCC7BB3D408C2D7086586 /* Pods-WorkoutCompanionUITests.release.xcconfig */;
			buildSettings = {
				INFOPLIST_FILE = WorkoutCompanionUITests/Info.plist;
				LD_RUNPATH_SEARCH_PATHS = "$(inherited) @executable_path/Frameworks @loader_path/Frameworks";
				PRODUCT_BUNDLE_IDENTIFIER = com.wx.WorkoutCompanionUITests;
				PRODUCT_NAME = "$(TARGET_NAME)";
				TEST_TARGET_NAME = WorkoutCompanion;
				USES_XCTRUNNER = YES;
			};
			name = Release;
		};
/* End XCBuildConfiguration section */

/* Begin XCConfigurationList section */
		B59CB0021CFD2F3200D2E1E0 /* Build configuration list for PBXProject "WorkoutCompanion" */ = {
			isa = XCConfigurationList;
			buildConfigurations = (
				B59CB02F1CFD2F3200D2E1E0 /* Debug */,
				B59CB0301CFD2F3200D2E1E0 /* Release */,
			);
			defaultConfigurationIsVisible = 0;
			defaultConfigurationName = Release;
		};
		B59CB0311CFD2F3200D2E1E0 /* Build configuration list for PBXNativeTarget "WorkoutCompanion" */ = {
			isa = XCConfigurationList;
			buildConfigurations = (
				B59CB0321CFD2F3200D2E1E0 /* Debug */,
				B59CB0331CFD2F3200D2E1E0 /* Release */,
			);
			defaultConfigurationIsVisible = 0;
			defaultConfigurationName = Release;
		};
		B59CB0341CFD2F3200D2E1E0 /* Build configuration list for PBXNativeTarget "WorkoutCompanionTests" */ = {
			isa = XCConfigurationList;
			buildConfigurations = (
				B59CB0351CFD2F3200D2E1E0 /* Debug */,
				B59CB0361CFD2F3200D2E1E0 /* Release */,
			);
			defaultConfigurationIsVisible = 0;
			defaultConfigurationName = Release;
		};
		B59CB0371CFD2F3200D2E1E0 /* Build configuration list for PBXNativeTarget "WorkoutCompanionUITests" */ = {
			isa = XCConfigurationList;
			buildConfigurations = (
				B59CB0381CFD2F3200D2E1E0 /* Debug */,
				B59CB0391CFD2F3200D2E1E0 /* Release */,
			);
			defaultConfigurationIsVisible = 0;
			defaultConfigurationName = Release;
		};
/* End XCConfigurationList section */

/* Begin XCVersionGroup section */
		B53BECF01CFFD97F00944663 /* CoreDataModel.xcdatamodeld */ = {
			isa = XCVersionGroup;
			children = (
				B53BECF11CFFD97F00944663 /* CoreDataModel.xcdatamodel */,
			);
			currentVersion = B53BECF11CFFD97F00944663 /* CoreDataModel.xcdatamodel */;
			name = CoreDataModel.xcdatamodeld;
			path = ../CoreDataModel.xcdatamodeld;
			sourceTree = "<group>";
			versionGroupType = wrapper.xcdatamodel;
		};
/* End XCVersionGroup section */
	};
	rootObject = B59CAFFF1CFD2F3200D2E1E0 /* Project object */;
}
